
Microsoft Visual Studio Solution File, Format Version 12.00
# Visual Studio Version 16
VisualStudioVersion = 16.0.30204.135
MinimumVisualStudioVersion = 10.0.40219.1
Project("{FAE04EC0-301F-11D3-BF4B-00C04F79EFBC}") = "WPFTips", "WPFTips\WPFTips.csproj", "{1D382373-7D56-4AFC-ADF7-0DB2B4781A97}"
EndProject
Global
	GlobalSection(SolutionConfigurationPlatforms) = preSolution
		Debug|Any CPU = Debug|Any CPU
		Release|Any CPU = Release|Any CPU
	EndGlobalSection
	GlobalSection(ProjectConfigurationPlatforms) = postSolution
		{1D382373-7D56-4AFC-ADF7-0DB2B4781A97}.Debug|Any CPU.ActiveCfg = Debug|Any CPU
		{1D382373-7D56-4AFC-ADF7-0DB2B4781A97}.Debug|Any CPU.Build.0 = Debug|Any CPU
		{1D382373-7D56-4AFC-ADF7-0DB2B4781A97}.Release|Any CPU.ActiveCfg = Release|Any CPU
		{1D382373-7D56-4AFC-ADF7-0DB2B4781A97}.Release|Any CPU.Build.0 = Release|Any CPU
	EndGlobalSection
	GlobalSection(SolutionProperties) = preSolution
		HideSolutionNode = FALSE
	EndGlobalSection
	GlobalSection(ExtensibilityGlobals) = postSolution
		SolutionGuid = {7BA2853E-71E7-48AB-9274-947C210C4539}
	EndGlobalSection
EndGlobal
